<?xml version="1.0" encoding="utf-8"?>
<Project ToolsVersion="4.0" xmlns="http://schemas.microsoft.com/developer/msbuild/2003">
  <ItemGroup>
    <Filter Include="Source Files">
      <UniqueIdentifier>{4FC737F1-C7A5-4376-A066-2A32D752A2FF}</UniqueIdentifier>
      <Extensions>cpp;c;cc;cxx;def;odl;idl;hpj;bat;asm;asmx</Extensions>
    </Filter>
    <Filter Include="Resource Files">
      <UniqueIdentifier>{67DA6AB6-F800-4c08-8B7A-83BB121AAD01}</UniqueIdentifier>
      <Extensions>rc;ico;cur;bmp;dlg;rc2;rct;bin;rgs;gif;jpg;jpeg;jpe;resx;tiff;tif;png;wav;mfcribbon-ms</Extensions>
    </Filter>
    <Filter Include="Resource Files\Shaders">
      <UniqueIdentifier>{d8c6f640-d50d-4388-8a50-90686886c71a}</UniqueIdentifier>
    </Filter>
    <Filter Include="Resource Files\Scenes">
      <UniqueIdentifier>{66439e2a-f58c-4c2a-aad1-3af2e58e4920}</UniqueIdentifier>
    </Filter>
    <Filter Include="Resource Files\Textures">
      <UniqueIdentifier>{88876fa3-1e9f-4223-8d1d-570a59edf1cd}</UniqueIdentifier>
    </Filter>
    <Filter Include="Objects">
      <UniqueIdentifier>{e8f5e372-cdcf-48b0-a985-42edb0775f17}</UniqueIdentifier>
    </Filter>
    <Filter Include="Objects\Letters">
      <UniqueIdentifier>{5a945c90-ac6f-4e45-a1ab-d53ea6e47c27}</UniqueIdentifier>
    </Filter>
    <Filter Include="Objects\Students">
      <UniqueIdentifier>{252d7853-af30-4955-99be-d2f619d5bc46}</UniqueIdentifier>
    </Filter>
    <Filter Include="Objects\Numbers">
      <UniqueIdentifier>{0fbfdb31-809c-4a73-ad22-fee8f171b729}</UniqueIdentifier>
    </Filter>
    <Filter Include="Shaders">
      <UniqueIdentifier>{bf9de2d6-99af-4ce2-a224-1b9aba6e076b}</UniqueIdentifier>
    </Filter>
    <Filter Include="Shaders\Programs">
      <UniqueIdentifier>{3f882561-37a1-4e2c-bfb0-da8858936941}</UniqueIdentifier>
    </Filter>
  </ItemGroup>
  <ItemGroup>
    <None Include="..\Assets\Shaders\BlueColor.fragmentshader">
      <Filter>Resource Files\Shaders</Filter>
    </None>
    <None Include="..\Assets\Shaders\PathLines.fragmentshader">
      <Filter>Resource Files\Shaders</Filter>
    </None>
    <None Include="..\Assets\Shaders\PathLines.vertexshader">
      <Filter>Resource Files\Shaders</Filter>
    </None>
    <None Include="..\Assets\Shaders\SolidColor.fragmentshader">
      <Filter>Resource Files\Shaders</Filter>
    </None>
    <None Include="..\Assets\Shaders\SolidColor.vertexshader">
      <Filter>Resource Files\Shaders</Filter>
    </None>
    <None Include="..\Assets\Scenes\CoordinateSystem.scene">
      <Filter>Resource Files\Scenes</Filter>
    </None>
    <None Include="..\Assets\Scenes\StaticScene.scene">
      <Filter>Resource Files\Scenes</Filter>
    </None>
    <None Include="..\Assets\Scenes\AnimatedScene.scene">
      <Filter>Resource Files\Scenes</Filter>
    </None>
    <None Include="..\Assets\Scenes\AnimatedSceneWithParticles.scene">
      <Filter>Resource Files\Scenes</Filter>
    </None>
    <None Include="..\Assets\Shaders\Texture.fragmentshader">
      <Filter>Resource Files\Shaders</Filter>
    </None>
    <None Include="..\Assets\Shaders\Texture.vertexshader">
      <Filter>Resource Files\Shaders</Filter>
    </None>
    <None Include="..\Assets\Shaders\texturedFragmentShader.fragmentshader">
      <Filter>Shaders\Programs</Filter>
    </None>
    <None Include="..\Assets\Shaders\texturedVertexShader.vertexshader">
      <Filter>Shaders\Programs</Filter>
    </None>
    <None Include="..\Assets\Shaders\shadow_fragment.glsl">
      <Filter>Shaders\Programs</Filter>
    </None>
    <None Include="..\Assets\Shaders\shadow_vertex.glsl">
      <Filter>Shaders\Programs</Filter>
    </None>
  </ItemGroup>
  <ItemGroup>
    <Image Include="..\Assets\Textures\BillboardTest.bmp">
      <Filter>Resource Files\Textures</Filter>
    </Image>
    <Image Include="..\Assets\Textures\Particle.png">
      <Filter>Resource Files\Textures</Filter>
    </Image>
  </ItemGroup>
  <ItemGroup>
    <ClCompile Include="..\Source\main.cpp">
      <Filter>Source Files</Filter>
    </ClCompile>
    <ClCompile Include="Objects\Grid.cpp">
      <Filter>Objects</Filter>
    </ClCompile>
    <ClCompile Include="Objects\Cube.cpp">
      <Filter>Objects</Filter>
    </ClCompile>
    <ClCompile Include="Objects\AlphaNumeric.cpp">
      <Filter>Objects</Filter>
    </ClCompile>
    <ClCompile Include="Objects\Student.cpp">
      <Filter>Objects</Filter>
    </ClCompile>
    <ClCompile Include="Objects\Sphere.cpp">
      <Filter>Objects</Filter>
    </ClCompile>
    <ClCompile Include="Objects\Letters\LetterA.cpp">
      <Filter>Objects\Letters</Filter>
    </ClCompile>
    <ClCompile Include="Objects\Letters\LetterI.cpp">
      <Filter>Objects\Letters</Filter>
    </ClCompile>
    <ClCompile Include="Objects\Letters\LetterL.cpp">
      <Filter>Objects\Letters</Filter>
    </ClCompile>
    <ClCompile Include="Objects\Letters\LetterO.cpp">
      <Filter>Objects\Letters</Filter>
    </ClCompile>
    <ClCompile Include="Objects\Letters\LetterV.cpp">
      <Filter>Objects\Letters</Filter>
    </ClCompile>
    <ClCompile Include="Objects\Numbers\Number0.cpp">
      <Filter>Objects\Numbers</Filter>
    </ClCompile>
    <ClCompile Include="Objects\Numbers\Number3.cpp">
      <Filter>Objects\Numbers</Filter>
    </ClCompile>
    <ClCompile Include="Objects\Numbers\Number4.cpp">
      <Filter>Objects\Numbers</Filter>
    </ClCompile>
    <ClCompile Include="Objects\Numbers\Number9.cpp">
      <Filter>Objects\Numbers</Filter>
    </ClCompile>
    <ClCompile Include="Objects\Students\Anissa.cpp">
      <Filter>Objects\Students</Filter>
    </ClCompile>
    <ClCompile Include="Objects\Students\Keven.cpp">
      <Filter>Objects\Students</Filter>
    </ClCompile>
    <ClCompile Include="Objects\Students\Melina.cpp">
      <Filter>Objects\Students</Filter>
    </ClCompile>
    <ClCompile Include="Objects\Students\Sharon.cpp">
      <Filter>Objects\Students</Filter>
    </ClCompile>
    <ClCompile Include="Objects\Students\Thomas.cpp">
      <Filter>Objects\Students</Filter>
    </ClCompile>
    <ClCompile Include="Objects\Camera.cpp">
      <Filter>Objects</Filter>
    </ClCompile>
    <ClCompile Include="Objects\Object.cpp">
      <Filter>Objects</Filter>
    </ClCompile>
    <ClCompile Include="Objects\Shader.cpp">
      <Filter>Shaders</Filter>
    </ClCompile>
  </ItemGroup>
  <ItemGroup>
    <ClInclude Include="Objects\Grid.h">
      <Filter>Objects</Filter>
    </ClInclude>
    <ClInclude Include="Objects\Cube.h">
      <Filter>Objects</Filter>
    </ClInclude>
    <ClInclude Include="Objects\AlphaNumeric.h">
      <Filter>Objects</Filter>
    </ClInclude>
    <ClInclude Include="Objects\Student.h">
      <Filter>Objects</Filter>
    </ClInclude>
    <ClInclude Include="..\Source\OBJloader.h">
      <Filter>Source Files</Filter>
    </ClInclude>
    <ClInclude Include="..\Source\OBJloaderV2.h">
      <Filter>Source Files</Filter>
    </ClInclude>
    <ClInclude Include="Objects\Sphere.h">
      <Filter>Objects</Filter>
    </ClInclude>
    <ClInclude Include="Objects\Letters\LetterA.h">
      <Filter>Objects\Letters</Filter>
    </ClInclude>
    <ClInclude Include="Objects\Letters\LetterI.h">
      <Filter>Objects\Letters</Filter>
    </ClInclude>
    <ClInclude Include="Objects\Letters\LetterL.h">
      <Filter>Objects\Letters</Filter>
    </ClInclude>
    <ClInclude Include="Objects\Letters\LetterO.h">
      <Filter>Objects\Letters</Filter>
    </ClInclude>
    <ClInclude Include="Objects\Letters\LetterV.h">
      <Filter>Objects\Letters</Filter>
    </ClInclude>
    <ClInclude Include="Objects\Numbers\Number0.h">
      <Filter>Objects\Numbers</Filter>
    </ClInclude>
    <ClInclude Include="Objects\Numbers\Number3.h">
      <Filter>Objects\Numbers</Filter>
    </ClInclude>
    <ClInclude Include="Objects\Numbers\Number4.h">
      <Filter>Objects\Numbers</Filter>
    </ClInclude>
    <ClInclude Include="Objects\Numbers\Number9.h">
      <Filter>Objects\Numbers</Filter>
    </ClInclude>
    <ClInclude Include="Objects\Students\Anissa.h">
      <Filter>Objects\Students</Filter>
    </ClInclude>
    <ClInclude Include="Objects\Students\Keven.h">
      <Filter>Objects\Students</Filter>
    </ClInclude>
    <ClInclude Include="Objects\Students\Melina.h">
      <Filter>Objects\Students</Filter>
    </ClInclude>
    <ClInclude Include="Objects\Students\Sharon.h">
      <Filter>Objects\Students</Filter>
    </ClInclude>
    <ClInclude Include="Objects\Students\Thomas.h">
      <Filter>Objects\Students</Filter>
    </ClInclude>
    <ClInclude Include="Objects\Camera.h">
      <Filter>Objects</Filter>
    </ClInclude>
    <ClInclude Include="Objects\Object.h">
      <Filter>Objects</Filter>
    </ClInclude>
    <ClInclude Include="Objects\Shader.h">
      <Filter>Shaders</Filter>
    </ClInclude>
  </ItemGroup>
</Project>